
Microsoft Visual Studio Solution File, Format Version 12.00
# Visual Studio Version 17
VisualStudioVersion = 17.5.002.0
MinimumVisualStudioVersion = 10.0.40219.1
Project("{9A19103F-16F7-4668-BE54-9A1E7A4F7556}") = "ConnectedWebApi", "ConnectedWebApi\ConnectedWebApi.csproj", "{3B8A1846-7236-4CC9-96CA-C11774A8F935}"
EndProject
Project("{9A19103F-16F7-4668-BE54-9A1E7A4F7556}") = "DisconnectedWebApi", "DisconnectedWebApi\DisconnectedWebApi.csproj", "{D15DB434-09C7-49F2-BD71-273B80B80FFF}"
EndProject
Project("{2150E333-8FDC-42A3-9474-1A3956D46DE8}") = "Entity Framework", "Entity Framework", "{D7999177-4D04-4BF3-B89A-E1277A43A418}"
EndProject
Project("{9A19103F-16F7-4668-BE54-9A1E7A4F7556}") = "EFCore", "EFCore\EFCore.csproj", "{A66B1848-FF33-46E1-B1A3-A730CD31D46C}"
EndProject
Project("{9A19103F-16F7-4668-BE54-9A1E7A4F7556}") = "EntityFrameworkForMultipleTables", "EntityFrameworkForMultipleTables\EntityFrameworkForMultipleTables.csproj", "{50C18F9B-6B78-4E72-83B0-FB39212DD7EC}"
EndProject
Project("{FAE04EC0-301F-11D3-BF4B-00C04F79EFBC}") = "EFCoreNew", "EFCoreNew\EFCoreNew.csproj", "{2E2DF6DB-3371-413C-A1AF-75CCB946505E}"
EndProject
Global
	GlobalSection(SolutionConfigurationPlatforms) = preSolution
		Debug|Any CPU = Debug|Any CPU
		Release|Any CPU = Release|Any CPU
	EndGlobalSection
	GlobalSection(ProjectConfigurationPlatforms) = postSolution
		{3B8A1846-7236-4CC9-96CA-C11774A8F935}.Debug|Any CPU.ActiveCfg = Debug|Any CPU
		{3B8A1846-7236-4CC9-96CA-C11774A8F935}.Debug|Any CPU.Build.0 = Debug|Any CPU
		{3B8A1846-7236-4CC9-96CA-C11774A8F935}.Release|Any CPU.ActiveCfg = Release|Any CPU
		{3B8A1846-7236-4CC9-96CA-C11774A8F935}.Release|Any CPU.Build.0 = Release|Any CPU
		{D15DB434-09C7-49F2-BD71-273B80B80FFF}.Debug|Any CPU.ActiveCfg = Debug|Any CPU
		{D15DB434-09C7-49F2-BD71-273B80B80FFF}.Debug|Any CPU.Build.0 = Debug|Any CPU
		{D15DB434-09C7-49F2-BD71-273B80B80FFF}.Release|Any CPU.ActiveCfg = Release|Any CPU
		{D15DB434-09C7-49F2-BD71-273B80B80FFF}.Release|Any CPU.Build.0 = Release|Any CPU
		{A66B1848-FF33-46E1-B1A3-A730CD31D46C}.Debug|Any CPU.ActiveCfg = Debug|Any CPU
		{A66B1848-FF33-46E1-B1A3-A730CD31D46C}.Debug|Any CPU.Build.0 = Debug|Any CPU
		{A66B1848-FF33-46E1-B1A3-A730CD31D46C}.Release|Any CPU.ActiveCfg = Release|Any CPU
		{A66B1848-FF33-46E1-B1A3-A730CD31D46C}.Release|Any CPU.Build.0 = Release|Any CPU
		{50C18F9B-6B78-4E72-83B0-FB39212DD7EC}.Debug|Any CPU.ActiveCfg = Debug|Any CPU
		{50C18F9B-6B78-4E72-83B0-FB39212DD7EC}.Debug|Any CPU.Build.0 = Debug|Any CPU
		{50C18F9B-6B78-4E72-83B0-FB39212DD7EC}.Release|Any CPU.ActiveCfg = Release|Any CPU
		{50C18F9B-6B78-4E72-83B0-FB39212DD7EC}.Release|Any CPU.Build.0 = Release|Any CPU
		{2E2DF6DB-3371-413C-A1AF-75CCB946505E}.Debug|Any CPU.ActiveCfg = Debug|Any CPU
		{2E2DF6DB-3371-413C-A1AF-75CCB946505E}.Debug|Any CPU.Build.0 = Debug|Any CPU
		{2E2DF6DB-3371-413C-A1AF-75CCB946505E}.Release|Any CPU.ActiveCfg = Release|Any CPU
		{2E2DF6DB-3371-413C-A1AF-75CCB946505E}.Release|Any CPU.Build.0 = Release|Any CPU
	EndGlobalSection
	GlobalSection(SolutionProperties) = preSolution
		HideSolutionNode = FALSE
	EndGlobalSection
	GlobalSection(NestedProjects) = preSolution
		{A66B1848-FF33-46E1-B1A3-A730CD31D46C} = {D7999177-4D04-4BF3-B89A-E1277A43A418}
		{50C18F9B-6B78-4E72-83B0-FB39212DD7EC} = {D7999177-4D04-4BF3-B89A-E1277A43A418}
		{2E2DF6DB-3371-413C-A1AF-75CCB946505E} = {D7999177-4D04-4BF3-B89A-E1277A43A418}
	EndGlobalSection
	GlobalSection(ExtensibilityGlobals) = postSolution
		SolutionGuid = {236F902E-4650-4543-A3A3-C5A667502359}
	EndGlobalSection
EndGlobal
