
Microsoft Visual Studio Solution File, Format Version 12.00
# Visual Studio Version 17
VisualStudioVersion = 17.5.002.0
MinimumVisualStudioVersion = 10.0.40219.1
Project("{9A19103F-16F7-4668-BE54-9A1E7A4F7556}") = "ConnectedWebApi", "ConnectedWebApi\ConnectedWebApi.csproj", "{3B8A1846-7236-4CC9-96CA-C11774A8F935}"
EndProject
Project("{9A19103F-16F7-4668-BE54-9A1E7A4F7556}") = "DisconnectedWebApi", "DisconnectedWebApi\DisconnectedWebApi.csproj", "{D15DB434-09C7-49F2-BD71-273B80B80FFF}"
EndProject
Global
	GlobalSection(SolutionConfigurationPlatforms) = preSolution
		Debug|Any CPU = Debug|Any CPU
		Release|Any CPU = Release|Any CPU
	EndGlobalSection
	GlobalSection(ProjectConfigurationPlatforms) = postSolution
		{3B8A1846-7236-4CC9-96CA-C11774A8F935}.Debug|Any CPU.ActiveCfg = Debug|Any CPU
		{3B8A1846-7236-4CC9-96CA-C11774A8F935}.Debug|Any CPU.Build.0 = Debug|Any CPU
		{3B8A1846-7236-4CC9-96CA-C11774A8F935}.Release|Any CPU.ActiveCfg = Release|Any CPU
		{3B8A1846-7236-4CC9-96CA-C11774A8F935}.Release|Any CPU.Build.0 = Release|Any CPU
		{D15DB434-09C7-49F2-BD71-273B80B80FFF}.Debug|Any CPU.ActiveCfg = Debug|Any CPU
		{D15DB434-09C7-49F2-BD71-273B80B80FFF}.Debug|Any CPU.Build.0 = Debug|Any CPU
		{D15DB434-09C7-49F2-BD71-273B80B80FFF}.Release|Any CPU.ActiveCfg = Release|Any CPU
		{D15DB434-09C7-49F2-BD71-273B80B80FFF}.Release|Any CPU.Build.0 = Release|Any CPU
	EndGlobalSection
	GlobalSection(SolutionProperties) = preSolution
		HideSolutionNode = FALSE
	EndGlobalSection
	GlobalSection(ExtensibilityGlobals) = postSolution
		SolutionGuid = {236F902E-4650-4543-A3A3-C5A667502359}
	EndGlobalSection
EndGlobal
